
Microsoft Visual Studio Solution File, Format Version 12.00
# Visual Studio Version 16
VisualStudioVersion = 16.0.31515.178
MinimumVisualStudioVersion = 10.0.40219.1
Project("{8BC9CEB8-8B4A-11D0-8D11-00A0C91BC942}") = "20210908첫번째프로젝트", "20210908첫번째프로젝트\20210908첫번째프로젝트.vcxproj", "{C5C9BCFB-738B-4E36-9789-A6E85AC30534}"
EndProject
Project("{8BC9CEB8-8B4A-11D0-8D11-00A0C91BC942}") = "20210908assembly", "20210908assembly\20210908assembly.vcxproj", "{17227E3D-6783-4F50-8688-E3330D3055AD}"
EndProject
Project("{8BC9CEB8-8B4A-11D0-8D11-00A0C91BC942}") = "20210915어셈블리-계속", "20210915어셈블리-계속\20210915어셈블리-계속.vcxproj", "{194F277F-3E48-443D-8CE2-1955BC8102AE}"
EndProject
Project("{8BC9CEB8-8B4A-11D0-8D11-00A0C91BC942}") = "20210915functioncall", "20210915functioncall\20210915functioncall.vcxproj", "{231EE9E8-7C7B-407E-A38F-8A9A2F67C75B}"
EndProject
Project("{8BC9CEB8-8B4A-11D0-8D11-00A0C91BC942}") = "20210922callingconvention", "20210922callingconvention\20210922callingconvention.vcxproj", "{34839949-45B2-4494-8ED7-3D87ABD0AF13}"
EndProject
Project("{8BC9CEB8-8B4A-11D0-8D11-00A0C91BC942}") = "20210929recursivefunction", "20210929recursivefunction\20210929recursivefunction.vcxproj", "{B2314C0C-BB00-430F-B63F-51DFE8E93B98}"
EndProject
Project("{8BC9CEB8-8B4A-11D0-8D11-00A0C91BC942}") = "20210929structure", "20210929structure\20210929structure.vcxproj", "{82ACFB93-2281-46EA-94B9-2E03470A650C}"
EndProject
Project("{8BC9CEB8-8B4A-11D0-8D11-00A0C91BC942}") = "20210929linkedlist", "20210929linkedlist\20210929linkedlist.vcxproj", "{FAD29EE5-C4EB-4899-B00A-C3D72E25034A}"
EndProject
Project("{8BC9CEB8-8B4A-11D0-8D11-00A0C91BC942}") = "20211006multithread", "20211006multithread\20211006multithread.vcxproj", "{727C228B-E8BB-43D6-96D5-5E95F4AA3271}"
EndProject
Project("{8BC9CEB8-8B4A-11D0-8D11-00A0C91BC942}") = "20211006functionpointer", "20211006functionpointer\20211006functionpointer.vcxproj", "{61CFA61D-A367-4591-BA5A-A9BB931546AF}"
EndProject
Project("{8BC9CEB8-8B4A-11D0-8D11-00A0C91BC942}") = "20211027static", "20211027static\20211027static.vcxproj", "{16310009-5DFB-4BC6-9E63-29B6E3584B3C}"
EndProject
Project("{8BC9CEB8-8B4A-11D0-8D11-00A0C91BC942}") = "20211027multithread", "20211027multithread\20211027multithread.vcxproj", "{0C29A852-BC1E-4AA9-A50F-CB1D1B155AF0}"
EndProject
Project("{8BC9CEB8-8B4A-11D0-8D11-00A0C91BC942}") = "20211103wait", "20211103wait\20211103wait.vcxproj", "{A8138848-E66F-4965-8592-6BF4E13CE1BD}"
EndProject
Project("{8BC9CEB8-8B4A-11D0-8D11-00A0C91BC942}") = "20211103problem", "20211103problem\20211103problem.vcxproj", "{6DE00C68-9E45-4154-A4CB-D71634FC13A2}"
EndProject
Project("{8BC9CEB8-8B4A-11D0-8D11-00A0C91BC942}") = "20211110criticalsection", "20211110criticalsection\20211110criticalsection.vcxproj", "{01160F03-A09F-44A0-BEA4-F7E1DAD5A78A}"
EndProject
Project("{8BC9CEB8-8B4A-11D0-8D11-00A0C91BC942}") = "20211110criticalsectionObject", "20211110criticalsectionObject\20211110criticalsectionObject.vcxproj", "{7E9CBB3E-F70E-4C4A-B02A-B332425BA227}"
EndProject
Project("{8BC9CEB8-8B4A-11D0-8D11-00A0C91BC942}") = "20211110mutex", "20211110mutex\20211110mutex.vcxproj", "{2A58F5F6-AF20-4C00-AD8E-325970D24CB9}"
EndProject
Project("{8BC9CEB8-8B4A-11D0-8D11-00A0C91BC942}") = "HW2", "HW2\HW2.vcxproj", "{BE35331E-0B99-4445-8767-EB558636DC09}"
EndProject
Project("{8BC9CEB8-8B4A-11D0-8D11-00A0C91BC942}") = "20211117deadlock", "20211117deadlock\20211117deadlock.vcxproj", "{262AB11C-C46A-4598-B185-B8668A155B36}"
EndProject
Project("{8BC9CEB8-8B4A-11D0-8D11-00A0C91BC942}") = "20211117samethread", "20211117samethread\20211117samethread.vcxproj", "{B3510678-5F57-4A6F-8273-CA50659C3406}"
EndProject
Project("{8BC9CEB8-8B4A-11D0-8D11-00A0C91BC942}") = "20211117Semaphore", "20211117Semaphore\20211117Semaphore.vcxproj", "{74C3074F-8571-4BD5-8334-EDFCE927AE58}"
EndProject
Project("{8BC9CEB8-8B4A-11D0-8D11-00A0C91BC942}") = "20211117event", "20211117event\20211117event.vcxproj", "{AED874E2-39B2-4F60-9DE8-3043A89051E4}"
EndProject
Project("{8BC9CEB8-8B4A-11D0-8D11-00A0C91BC942}") = "HW3-1", "HW3-1\HW3-1.vcxproj", "{BA6F9611-7617-482D-8CB9-B3FBDCA6BAF3}"
EndProject
Project("{8BC9CEB8-8B4A-11D0-8D11-00A0C91BC942}") = "HW3-2", "HW3-2\HW3-2.vcxproj", "{78ADF0F1-AF9C-4088-AE2B-E12E293F8EC2}"
EndProject
Project("{8BC9CEB8-8B4A-11D0-8D11-00A0C91BC942}") = "20211124iobyfile", "20211124iobyfile\20211124iobyfile.vcxproj", "{2F8B6671-55B4-4E3E-A6AD-97341EC56795}"
EndProject
Project("{8BC9CEB8-8B4A-11D0-8D11-00A0C91BC942}") = "20211201functionpointer", "20211201functionpointer\20211201functionpointer.vcxproj", "{F7096354-0E65-41B7-A8A5-0BFE6882F1BA}"
EndProject
Project("{8BC9CEB8-8B4A-11D0-8D11-00A0C91BC942}") = "20211201IOByEvent", "20211201IOByEvent\20211201IOByEvent.vcxproj", "{D20F2C39-8AAB-4223-9B09-40000D766FE4}"
EndProject
Project("{8BC9CEB8-8B4A-11D0-8D11-00A0C91BC942}") = "20211201IOAPC", "20211201IOAPC\20211201IOAPC.vcxproj", "{D12F20F7-ECCF-4123-93B3-FF73971CFAF6}"
EndProject
Global
	GlobalSection(SolutionConfigurationPlatforms) = preSolution
		Debug|x64 = Debug|x64
		Debug|x86 = Debug|x86
		Release|x64 = Release|x64
		Release|x86 = Release|x86
	EndGlobalSection
	GlobalSection(ProjectConfigurationPlatforms) = postSolution
		{C5C9BCFB-738B-4E36-9789-A6E85AC30534}.Debug|x64.ActiveCfg = Debug|x64
		{C5C9BCFB-738B-4E36-9789-A6E85AC30534}.Debug|x64.Build.0 = Debug|x64
		{C5C9BCFB-738B-4E36-9789-A6E85AC30534}.Debug|x86.ActiveCfg = Debug|Win32
		{C5C9BCFB-738B-4E36-9789-A6E85AC30534}.Debug|x86.Build.0 = Debug|Win32
		{C5C9BCFB-738B-4E36-9789-A6E85AC30534}.Release|x64.ActiveCfg = Release|x64
		{C5C9BCFB-738B-4E36-9789-A6E85AC30534}.Release|x64.Build.0 = Release|x64
		{C5C9BCFB-738B-4E36-9789-A6E85AC30534}.Release|x86.ActiveCfg = Release|Win32
		{C5C9BCFB-738B-4E36-9789-A6E85AC30534}.Release|x86.Build.0 = Release|Win32
		{17227E3D-6783-4F50-8688-E3330D3055AD}.Debug|x64.ActiveCfg = Debug|x64
		{17227E3D-6783-4F50-8688-E3330D3055AD}.Debug|x64.Build.0 = Debug|x64
		{17227E3D-6783-4F50-8688-E3330D3055AD}.Debug|x86.ActiveCfg = Debug|Win32
		{17227E3D-6783-4F50-8688-E3330D3055AD}.Debug|x86.Build.0 = Debug|Win32
		{17227E3D-6783-4F50-8688-E3330D3055AD}.Release|x64.ActiveCfg = Release|x64
		{17227E3D-6783-4F50-8688-E3330D3055AD}.Release|x64.Build.0 = Release|x64
		{17227E3D-6783-4F50-8688-E3330D3055AD}.Release|x86.ActiveCfg = Release|Win32
		{17227E3D-6783-4F50-8688-E3330D3055AD}.Release|x86.Build.0 = Release|Win32
		{194F277F-3E48-443D-8CE2-1955BC8102AE}.Debug|x64.ActiveCfg = Debug|x64
		{194F277F-3E48-443D-8CE2-1955BC8102AE}.Debug|x64.Build.0 = Debug|x64
		{194F277F-3E48-443D-8CE2-1955BC8102AE}.Debug|x86.ActiveCfg = Debug|Win32
		{194F277F-3E48-443D-8CE2-1955BC8102AE}.Debug|x86.Build.0 = Debug|Win32
		{194F277F-3E48-443D-8CE2-1955BC8102AE}.Release|x64.ActiveCfg = Release|x64
		{194F277F-3E48-443D-8CE2-1955BC8102AE}.Release|x64.Build.0 = Release|x64
		{194F277F-3E48-443D-8CE2-1955BC8102AE}.Release|x86.ActiveCfg = Release|Win32
		{194F277F-3E48-443D-8CE2-1955BC8102AE}.Release|x86.Build.0 = Release|Win32
		{231EE9E8-7C7B-407E-A38F-8A9A2F67C75B}.Debug|x64.ActiveCfg = Debug|x64
		{231EE9E8-7C7B-407E-A38F-8A9A2F67C75B}.Debug|x64.Build.0 = Debug|x64
		{231EE9E8-7C7B-407E-A38F-8A9A2F67C75B}.Debug|x86.ActiveCfg = Debug|Win32
		{231EE9E8-7C7B-407E-A38F-8A9A2F67C75B}.Debug|x86.Build.0 = Debug|Win32
		{231EE9E8-7C7B-407E-A38F-8A9A2F67C75B}.Release|x64.ActiveCfg = Release|x64
		{231EE9E8-7C7B-407E-A38F-8A9A2F67C75B}.Release|x64.Build.0 = Release|x64
		{231EE9E8-7C7B-407E-A38F-8A9A2F67C75B}.Release|x86.ActiveCfg = Release|Win32
		{231EE9E8-7C7B-407E-A38F-8A9A2F67C75B}.Release|x86.Build.0 = Release|Win32
		{34839949-45B2-4494-8ED7-3D87ABD0AF13}.Debug|x64.ActiveCfg = Debug|x64
		{34839949-45B2-4494-8ED7-3D87ABD0AF13}.Debug|x64.Build.0 = Debug|x64
		{34839949-45B2-4494-8ED7-3D87ABD0AF13}.Debug|x86.ActiveCfg = Debug|Win32
		{34839949-45B2-4494-8ED7-3D87ABD0AF13}.Debug|x86.Build.0 = Debug|Win32
		{34839949-45B2-4494-8ED7-3D87ABD0AF13}.Release|x64.ActiveCfg = Release|x64
		{34839949-45B2-4494-8ED7-3D87ABD0AF13}.Release|x64.Build.0 = Release|x64
		{34839949-45B2-4494-8ED7-3D87ABD0AF13}.Release|x86.ActiveCfg = Release|Win32
		{34839949-45B2-4494-8ED7-3D87ABD0AF13}.Release|x86.Build.0 = Release|Win32
		{B2314C0C-BB00-430F-B63F-51DFE8E93B98}.Debug|x64.ActiveCfg = Debug|x64
		{B2314C0C-BB00-430F-B63F-51DFE8E93B98}.Debug|x64.Build.0 = Debug|x64
		{B2314C0C-BB00-430F-B63F-51DFE8E93B98}.Debug|x86.ActiveCfg = Debug|Win32
		{B2314C0C-BB00-430F-B63F-51DFE8E93B98}.Debug|x86.Build.0 = Debug|Win32
		{B2314C0C-BB00-430F-B63F-51DFE8E93B98}.Release|x64.ActiveCfg = Release|x64
		{B2314C0C-BB00-430F-B63F-51DFE8E93B98}.Release|x64.Build.0 = Release|x64
		{B2314C0C-BB00-430F-B63F-51DFE8E93B98}.Release|x86.ActiveCfg = Release|Win32
		{B2314C0C-BB00-430F-B63F-51DFE8E93B98}.Release|x86.Build.0 = Release|Win32
		{82ACFB93-2281-46EA-94B9-2E03470A650C}.Debug|x64.ActiveCfg = Debug|x64
		{82ACFB93-2281-46EA-94B9-2E03470A650C}.Debug|x64.Build.0 = Debug|x64
		{82ACFB93-2281-46EA-94B9-2E03470A650C}.Debug|x86.ActiveCfg = Debug|Win32
		{82ACFB93-2281-46EA-94B9-2E03470A650C}.Debug|x86.Build.0 = Debug|Win32
		{82ACFB93-2281-46EA-94B9-2E03470A650C}.Release|x64.ActiveCfg = Release|x64
		{82ACFB93-2281-46EA-94B9-2E03470A650C}.Release|x64.Build.0 = Release|x64
		{82ACFB93-2281-46EA-94B9-2E03470A650C}.Release|x86.ActiveCfg = Release|Win32
		{82ACFB93-2281-46EA-94B9-2E03470A650C}.Release|x86.Build.0 = Release|Win32
		{FAD29EE5-C4EB-4899-B00A-C3D72E25034A}.Debug|x64.ActiveCfg = Debug|x64
		{FAD29EE5-C4EB-4899-B00A-C3D72E25034A}.Debug|x64.Build.0 = Debug|x64
		{FAD29EE5-C4EB-4899-B00A-C3D72E25034A}.Debug|x86.ActiveCfg = Debug|Win32
		{FAD29EE5-C4EB-4899-B00A-C3D72E25034A}.Debug|x86.Build.0 = Debug|Win32
		{FAD29EE5-C4EB-4899-B00A-C3D72E25034A}.Release|x64.ActiveCfg = Release|x64
		{FAD29EE5-C4EB-4899-B00A-C3D72E25034A}.Release|x64.Build.0 = Release|x64
		{FAD29EE5-C4EB-4899-B00A-C3D72E25034A}.Release|x86.ActiveCfg = Release|Win32
		{FAD29EE5-C4EB-4899-B00A-C3D72E25034A}.Release|x86.Build.0 = Release|Win32
		{727C228B-E8BB-43D6-96D5-5E95F4AA3271}.Debug|x64.ActiveCfg = Debug|x64
		{727C228B-E8BB-43D6-96D5-5E95F4AA3271}.Debug|x64.Build.0 = Debug|x64
		{727C228B-E8BB-43D6-96D5-5E95F4AA3271}.Debug|x86.ActiveCfg = Debug|Win32
		{727C228B-E8BB-43D6-96D5-5E95F4AA3271}.Debug|x86.Build.0 = Debug|Win32
		{727C228B-E8BB-43D6-96D5-5E95F4AA3271}.Release|x64.ActiveCfg = Release|x64
		{727C228B-E8BB-43D6-96D5-5E95F4AA3271}.Release|x64.Build.0 = Release|x64
		{727C228B-E8BB-43D6-96D5-5E95F4AA3271}.Release|x86.ActiveCfg = Release|Win32
		{727C228B-E8BB-43D6-96D5-5E95F4AA3271}.Release|x86.Build.0 = Release|Win32
		{61CFA61D-A367-4591-BA5A-A9BB931546AF}.Debug|x64.ActiveCfg = Debug|x64
		{61CFA61D-A367-4591-BA5A-A9BB931546AF}.Debug|x64.Build.0 = Debug|x64
		{61CFA61D-A367-4591-BA5A-A9BB931546AF}.Debug|x86.ActiveCfg = Debug|Win32
		{61CFA61D-A367-4591-BA5A-A9BB931546AF}.Debug|x86.Build.0 = Debug|Win32
		{61CFA61D-A367-4591-BA5A-A9BB931546AF}.Release|x64.ActiveCfg = Release|x64
		{61CFA61D-A367-4591-BA5A-A9BB931546AF}.Release|x64.Build.0 = Release|x64
		{61CFA61D-A367-4591-BA5A-A9BB931546AF}.Release|x86.ActiveCfg = Release|Win32
		{61CFA61D-A367-4591-BA5A-A9BB931546AF}.Release|x86.Build.0 = Release|Win32
		{16310009-5DFB-4BC6-9E63-29B6E3584B3C}.Debug|x64.ActiveCfg = Debug|x64
		{16310009-5DFB-4BC6-9E63-29B6E3584B3C}.Debug|x64.Build.0 = Debug|x64
		{16310009-5DFB-4BC6-9E63-29B6E3584B3C}.Debug|x86.ActiveCfg = Debug|Win32
		{16310009-5DFB-4BC6-9E63-29B6E3584B3C}.Debug|x86.Build.0 = Debug|Win32
		{16310009-5DFB-4BC6-9E63-29B6E3584B3C}.Release|x64.ActiveCfg = Release|x64
		{16310009-5DFB-4BC6-9E63-29B6E3584B3C}.Release|x64.Build.0 = Release|x64
		{16310009-5DFB-4BC6-9E63-29B6E3584B3C}.Release|x86.ActiveCfg = Release|Win32
		{16310009-5DFB-4BC6-9E63-29B6E3584B3C}.Release|x86.Build.0 = Release|Win32
		{0C29A852-BC1E-4AA9-A50F-CB1D1B155AF0}.Debug|x64.ActiveCfg = Debug|x64
		{0C29A852-BC1E-4AA9-A50F-CB1D1B155AF0}.Debug|x64.Build.0 = Debug|x64
		{0C29A852-BC1E-4AA9-A50F-CB1D1B155AF0}.Debug|x86.ActiveCfg = Debug|Win32
		{0C29A852-BC1E-4AA9-A50F-CB1D1B155AF0}.Debug|x86.Build.0 = Debug|Win32
		{0C29A852-BC1E-4AA9-A50F-CB1D1B155AF0}.Release|x64.ActiveCfg = Release|x64
		{0C29A852-BC1E-4AA9-A50F-CB1D1B155AF0}.Release|x64.Build.0 = Release|x64
		{0C29A852-BC1E-4AA9-A50F-CB1D1B155AF0}.Release|x86.ActiveCfg = Release|Win32
		{0C29A852-BC1E-4AA9-A50F-CB1D1B155AF0}.Release|x86.Build.0 = Release|Win32
		{A8138848-E66F-4965-8592-6BF4E13CE1BD}.Debug|x64.ActiveCfg = Debug|x64
		{A8138848-E66F-4965-8592-6BF4E13CE1BD}.Debug|x64.Build.0 = Debug|x64
		{A8138848-E66F-4965-8592-6BF4E13CE1BD}.Debug|x86.ActiveCfg = Debug|Win32
		{A8138848-E66F-4965-8592-6BF4E13CE1BD}.Debug|x86.Build.0 = Debug|Win32
		{A8138848-E66F-4965-8592-6BF4E13CE1BD}.Release|x64.ActiveCfg = Release|x64
		{A8138848-E66F-4965-8592-6BF4E13CE1BD}.Release|x64.Build.0 = Release|x64
		{A8138848-E66F-4965-8592-6BF4E13CE1BD}.Release|x86.ActiveCfg = Release|Win32
		{A8138848-E66F-4965-8592-6BF4E13CE1BD}.Release|x86.Build.0 = Release|Win32
		{6DE00C68-9E45-4154-A4CB-D71634FC13A2}.Debug|x64.ActiveCfg = Debug|x64
		{6DE00C68-9E45-4154-A4CB-D71634FC13A2}.Debug|x64.Build.0 = Debug|x64
		{6DE00C68-9E45-4154-A4CB-D71634FC13A2}.Debug|x86.ActiveCfg = Debug|Win32
		{6DE00C68-9E45-4154-A4CB-D71634FC13A2}.Debug|x86.Build.0 = Debug|Win32
		{6DE00C68-9E45-4154-A4CB-D71634FC13A2}.Release|x64.ActiveCfg = Release|x64
		{6DE00C68-9E45-4154-A4CB-D71634FC13A2}.Release|x64.Build.0 = Release|x64
		{6DE00C68-9E45-4154-A4CB-D71634FC13A2}.Release|x86.ActiveCfg = Release|Win32
		{6DE00C68-9E45-4154-A4CB-D71634FC13A2}.Release|x86.Build.0 = Release|Win32
		{01160F03-A09F-44A0-BEA4-F7E1DAD5A78A}.Debug|x64.ActiveCfg = Debug|x64
		{01160F03-A09F-44A0-BEA4-F7E1DAD5A78A}.Debug|x64.Build.0 = Debug|x64
		{01160F03-A09F-44A0-BEA4-F7E1DAD5A78A}.Debug|x86.ActiveCfg = Debug|Win32
		{01160F03-A09F-44A0-BEA4-F7E1DAD5A78A}.Debug|x86.Build.0 = Debug|Win32
		{01160F03-A09F-44A0-BEA4-F7E1DAD5A78A}.Release|x64.ActiveCfg = Release|x64
		{01160F03-A09F-44A0-BEA4-F7E1DAD5A78A}.Release|x64.Build.0 = Release|x64
		{01160F03-A09F-44A0-BEA4-F7E1DAD5A78A}.Release|x86.ActiveCfg = Release|Win32
		{01160F03-A09F-44A0-BEA4-F7E1DAD5A78A}.Release|x86.Build.0 = Release|Win32
		{7E9CBB3E-F70E-4C4A-B02A-B332425BA227}.Debug|x64.ActiveCfg = Debug|x64
		{7E9CBB3E-F70E-4C4A-B02A-B332425BA227}.Debug|x64.Build.0 = Debug|x64
		{7E9CBB3E-F70E-4C4A-B02A-B332425BA227}.Debug|x86.ActiveCfg = Debug|Win32
		{7E9CBB3E-F70E-4C4A-B02A-B332425BA227}.Debug|x86.Build.0 = Debug|Win32
		{7E9CBB3E-F70E-4C4A-B02A-B332425BA227}.Release|x64.ActiveCfg = Release|x64
		{7E9CBB3E-F70E-4C4A-B02A-B332425BA227}.Release|x64.Build.0 = Release|x64
		{7E9CBB3E-F70E-4C4A-B02A-B332425BA227}.Release|x86.ActiveCfg = Release|Win32
		{7E9CBB3E-F70E-4C4A-B02A-B332425BA227}.Release|x86.Build.0 = Release|Win32
		{2A58F5F6-AF20-4C00-AD8E-325970D24CB9}.Debug|x64.ActiveCfg = Debug|x64
		{2A58F5F6-AF20-4C00-AD8E-325970D24CB9}.Debug|x64.Build.0 = Debug|x64
		{2A58F5F6-AF20-4C00-AD8E-325970D24CB9}.Debug|x86.ActiveCfg = Debug|Win32
		{2A58F5F6-AF20-4C00-AD8E-325970D24CB9}.Debug|x86.Build.0 = Debug|Win32
		{2A58F5F6-AF20-4C00-AD8E-325970D24CB9}.Release|x64.ActiveCfg = Release|x64
		{2A58F5F6-AF20-4C00-AD8E-325970D24CB9}.Release|x64.Build.0 = Release|x64
		{2A58F5F6-AF20-4C00-AD8E-325970D24CB9}.Release|x86.ActiveCfg = Release|Win32
		{2A58F5F6-AF20-4C00-AD8E-325970D24CB9}.Release|x86.Build.0 = Release|Win32
		{BE35331E-0B99-4445-8767-EB558636DC09}.Debug|x64.ActiveCfg = Debug|x64
		{BE35331E-0B99-4445-8767-EB558636DC09}.Debug|x64.Build.0 = Debug|x64
		{BE35331E-0B99-4445-8767-EB558636DC09}.Debug|x86.ActiveCfg = Debug|Win32
		{BE35331E-0B99-4445-8767-EB558636DC09}.Debug|x86.Build.0 = Debug|Win32
		{BE35331E-0B99-4445-8767-EB558636DC09}.Release|x64.ActiveCfg = Release|x64
		{BE35331E-0B99-4445-8767-EB558636DC09}.Release|x64.Build.0 = Release|x64
		{BE35331E-0B99-4445-8767-EB558636DC09}.Release|x86.ActiveCfg = Release|Win32
		{BE35331E-0B99-4445-8767-EB558636DC09}.Release|x86.Build.0 = Release|Win32
		{262AB11C-C46A-4598-B185-B8668A155B36}.Debug|x64.ActiveCfg = Debug|x64
		{262AB11C-C46A-4598-B185-B8668A155B36}.Debug|x64.Build.0 = Debug|x64
		{262AB11C-C46A-4598-B185-B8668A155B36}.Debug|x86.ActiveCfg = Debug|Win32
		{262AB11C-C46A-4598-B185-B8668A155B36}.Debug|x86.Build.0 = Debug|Win32
		{262AB11C-C46A-4598-B185-B8668A155B36}.Release|x64.ActiveCfg = Release|x64
		{262AB11C-C46A-4598-B185-B8668A155B36}.Release|x64.Build.0 = Release|x64
		{262AB11C-C46A-4598-B185-B8668A155B36}.Release|x86.ActiveCfg = Release|Win32
		{262AB11C-C46A-4598-B185-B8668A155B36}.Release|x86.Build.0 = Release|Win32
		{B3510678-5F57-4A6F-8273-CA50659C3406}.Debug|x64.ActiveCfg = Debug|x64
		{B3510678-5F57-4A6F-8273-CA50659C3406}.Debug|x64.Build.0 = Debug|x64
		{B3510678-5F57-4A6F-8273-CA50659C3406}.Debug|x86.ActiveCfg = Debug|Win32
		{B3510678-5F57-4A6F-8273-CA50659C3406}.Debug|x86.Build.0 = Debug|Win32
		{B3510678-5F57-4A6F-8273-CA50659C3406}.Release|x64.ActiveCfg = Release|x64
		{B3510678-5F57-4A6F-8273-CA50659C3406}.Release|x64.Build.0 = Release|x64
		{B3510678-5F57-4A6F-8273-CA50659C3406}.Release|x86.ActiveCfg = Release|Win32
		{B3510678-5F57-4A6F-8273-CA50659C3406}.Release|x86.Build.0 = Release|Win32
		{74C3074F-8571-4BD5-8334-EDFCE927AE58}.Debug|x64.ActiveCfg = Debug|x64
		{74C3074F-8571-4BD5-8334-EDFCE927AE58}.Debug|x64.Build.0 = Debug|x64
		{74C3074F-8571-4BD5-8334-EDFCE927AE58}.Debug|x86.ActiveCfg = Debug|Win32
		{74C3074F-8571-4BD5-8334-EDFCE927AE58}.Debug|x86.Build.0 = Debug|Win32
		{74C3074F-8571-4BD5-8334-EDFCE927AE58}.Release|x64.ActiveCfg = Release|x64
		{74C3074F-8571-4BD5-8334-EDFCE927AE58}.Release|x64.Build.0 = Release|x64
		{74C3074F-8571-4BD5-8334-EDFCE927AE58}.Release|x86.ActiveCfg = Release|Win32
		{74C3074F-8571-4BD5-8334-EDFCE927AE58}.Release|x86.Build.0 = Release|Win32
		{AED874E2-39B2-4F60-9DE8-3043A89051E4}.Debug|x64.ActiveCfg = Debug|x64
		{AED874E2-39B2-4F60-9DE8-3043A89051E4}.Debug|x64.Build.0 = Debug|x64
		{AED874E2-39B2-4F60-9DE8-3043A89051E4}.Debug|x86.ActiveCfg = Debug|Win32
		{AED874E2-39B2-4F60-9DE8-3043A89051E4}.Debug|x86.Build.0 = Debug|Win32
		{AED874E2-39B2-4F60-9DE8-3043A89051E4}.Release|x64.ActiveCfg = Release|x64
		{AED874E2-39B2-4F60-9DE8-3043A89051E4}.Release|x64.Build.0 = Release|x64
		{AED874E2-39B2-4F60-9DE8-3043A89051E4}.Release|x86.ActiveCfg = Release|Win32
		{AED874E2-39B2-4F60-9DE8-3043A89051E4}.Release|x86.Build.0 = Release|Win32
		{BA6F9611-7617-482D-8CB9-B3FBDCA6BAF3}.Debug|x64.ActiveCfg = Debug|x64
		{BA6F9611-7617-482D-8CB9-B3FBDCA6BAF3}.Debug|x64.Build.0 = Debug|x64
		{BA6F9611-7617-482D-8CB9-B3FBDCA6BAF3}.Debug|x86.ActiveCfg = Debug|Win32
		{BA6F9611-7617-482D-8CB9-B3FBDCA6BAF3}.Debug|x86.Build.0 = Debug|Win32
		{BA6F9611-7617-482D-8CB9-B3FBDCA6BAF3}.Release|x64.ActiveCfg = Release|x64
		{BA6F9611-7617-482D-8CB9-B3FBDCA6BAF3}.Release|x64.Build.0 = Release|x64
		{BA6F9611-7617-482D-8CB9-B3FBDCA6BAF3}.Release|x86.ActiveCfg = Release|Win32
		{BA6F9611-7617-482D-8CB9-B3FBDCA6BAF3}.Release|x86.Build.0 = Release|Win32
		{78ADF0F1-AF9C-4088-AE2B-E12E293F8EC2}.Debug|x64.ActiveCfg = Debug|x64
		{78ADF0F1-AF9C-4088-AE2B-E12E293F8EC2}.Debug|x64.Build.0 = Debug|x64
		{78ADF0F1-AF9C-4088-AE2B-E12E293F8EC2}.Debug|x86.ActiveCfg = Debug|Win32
		{78ADF0F1-AF9C-4088-AE2B-E12E293F8EC2}.Debug|x86.Build.0 = Debug|Win32
		{78ADF0F1-AF9C-4088-AE2B-E12E293F8EC2}.Release|x64.ActiveCfg = Release|x64
		{78ADF0F1-AF9C-4088-AE2B-E12E293F8EC2}.Release|x64.Build.0 = Release|x64
		{78ADF0F1-AF9C-4088-AE2B-E12E293F8EC2}.Release|x86.ActiveCfg = Release|Win32
		{78ADF0F1-AF9C-4088-AE2B-E12E293F8EC2}.Release|x86.Build.0 = Release|Win32
		{2F8B6671-55B4-4E3E-A6AD-97341EC56795}.Debug|x64.ActiveCfg = Debug|x64
		{2F8B6671-55B4-4E3E-A6AD-97341EC56795}.Debug|x64.Build.0 = Debug|x64
		{2F8B6671-55B4-4E3E-A6AD-97341EC56795}.Debug|x86.ActiveCfg = Debug|Win32
		{2F8B6671-55B4-4E3E-A6AD-97341EC56795}.Debug|x86.Build.0 = Debug|Win32
		{2F8B6671-55B4-4E3E-A6AD-97341EC56795}.Release|x64.ActiveCfg = Release|x64
		{2F8B6671-55B4-4E3E-A6AD-97341EC56795}.Release|x64.Build.0 = Release|x64
		{2F8B6671-55B4-4E3E-A6AD-97341EC56795}.Release|x86.ActiveCfg = Release|Win32
		{2F8B6671-55B4-4E3E-A6AD-97341EC56795}.Release|x86.Build.0 = Release|Win32
		{F7096354-0E65-41B7-A8A5-0BFE6882F1BA}.Debug|x64.ActiveCfg = Debug|x64
		{F7096354-0E65-41B7-A8A5-0BFE6882F1BA}.Debug|x64.Build.0 = Debug|x64
		{F7096354-0E65-41B7-A8A5-0BFE6882F1BA}.Debug|x86.ActiveCfg = Debug|Win32
		{F7096354-0E65-41B7-A8A5-0BFE6882F1BA}.Debug|x86.Build.0 = Debug|Win32
		{F7096354-0E65-41B7-A8A5-0BFE6882F1BA}.Release|x64.ActiveCfg = Release|x64
		{F7096354-0E65-41B7-A8A5-0BFE6882F1BA}.Release|x64.Build.0 = Release|x64
		{F7096354-0E65-41B7-A8A5-0BFE6882F1BA}.Release|x86.ActiveCfg = Release|Win32
		{F7096354-0E65-41B7-A8A5-0BFE6882F1BA}.Release|x86.Build.0 = Release|Win32
		{D20F2C39-8AAB-4223-9B09-40000D766FE4}.Debug|x64.ActiveCfg = Debug|x64
		{D20F2C39-8AAB-4223-9B09-40000D766FE4}.Debug|x64.Build.0 = Debug|x64
		{D20F2C39-8AAB-4223-9B09-40000D766FE4}.Debug|x86.ActiveCfg = Debug|Win32
		{D20F2C39-8AAB-4223-9B09-40000D766FE4}.Debug|x86.Build.0 = Debug|Win32
		{D20F2C39-8AAB-4223-9B09-40000D766FE4}.Release|x64.ActiveCfg = Release|x64
		{D20F2C39-8AAB-4223-9B09-40000D766FE4}.Release|x64.Build.0 = Release|x64
		{D20F2C39-8AAB-4223-9B09-40000D766FE4}.Release|x86.ActiveCfg = Release|Win32
		{D20F2C39-8AAB-4223-9B09-40000D766FE4}.Release|x86.Build.0 = Release|Win32
		{D12F20F7-ECCF-4123-93B3-FF73971CFAF6}.Debug|x64.ActiveCfg = Debug|x64
		{D12F20F7-ECCF-4123-93B3-FF73971CFAF6}.Debug|x64.Build.0 = Debug|x64
		{D12F20F7-ECCF-4123-93B3-FF73971CFAF6}.Debug|x86.ActiveCfg = Debug|Win32
		{D12F20F7-ECCF-4123-93B3-FF73971CFAF6}.Debug|x86.Build.0 = Debug|Win32
		{D12F20F7-ECCF-4123-93B3-FF73971CFAF6}.Release|x64.ActiveCfg = Release|x64
		{D12F20F7-ECCF-4123-93B3-FF73971CFAF6}.Release|x64.Build.0 = Release|x64
		{D12F20F7-ECCF-4123-93B3-FF73971CFAF6}.Release|x86.ActiveCfg = Release|Win32
		{D12F20F7-ECCF-4123-93B3-FF73971CFAF6}.Release|x86.Build.0 = Release|Win32
	EndGlobalSection
	GlobalSection(SolutionProperties) = preSolution
		HideSolutionNode = FALSE
	EndGlobalSection
	GlobalSection(ExtensibilityGlobals) = postSolution
		SolutionGuid = {18614014-AC90-422C-A47C-C1D11F548D4A}
	EndGlobalSection
EndGlobal
